// !$*UTF8*$!
{
	archiveVersion = 1;
	classes = {
	};
	objectVersion = 50;
	objects = {

/* Begin PBXBuildFile section */
		E903CB2627BE5A2200B58113 /* Screen.swift in Sources */ = {isa = PBXBuildFile; fileRef = E903CB2527BE5A2200B58113 /* Screen.swift */; };
		E90A3E8227BE969F00157001 /* Screen.swift in Sources */ = {isa = PBXBuildFile; fileRef = E903CB2527BE5A2200B58113 /* Screen.swift */; };
		E90A3E8327BE969F00157001 /* Screen.swift in Sources */ = {isa = PBXBuildFile; fileRef = E903CB2527BE5A2200B58113 /* Screen.swift */; };
		E913063F27BA6CC600460F22 /* ImageView.swift in Sources */ = {isa = PBXBuildFile; fileRef = E913063D27BA6CC600460F22 /* ImageView.swift */; };
		E913064027BA6CC600460F22 /* ImageView.swift in Sources */ = {isa = PBXBuildFile; fileRef = E913063D27BA6CC600460F22 /* ImageView.swift */; };
		E913064127BA6CC600460F22 /* ImageView.swift in Sources */ = {isa = PBXBuildFile; fileRef = E913063D27BA6CC600460F22 /* ImageView.swift */; };
		E913064227BA6CC600460F22 /* TextField.swift in Sources */ = {isa = PBXBuildFile; fileRef = E913063E27BA6CC600460F22 /* TextField.swift */; };
		E913064327BA6CC600460F22 /* TextField.swift in Sources */ = {isa = PBXBuildFile; fileRef = E913063E27BA6CC600460F22 /* TextField.swift */; };
		E913064427BA6CC600460F22 /* TextField.swift in Sources */ = {isa = PBXBuildFile; fileRef = E913063E27BA6CC600460F22 /* TextField.swift */; };
		E925920227BF167200D40925 /* Store.swift in Sources */ = {isa = PBXBuildFile; fileRef = E925920127BF167200D40925 /* Store.swift */; };
		E925920327BF167200D40925 /* Store.swift in Sources */ = {isa = PBXBuildFile; fileRef = E925920127BF167200D40925 /* Store.swift */; };
		E925920427BF167200D40925 /* Store.swift in Sources */ = {isa = PBXBuildFile; fileRef = E925920127BF167200D40925 /* Store.swift */; };
		E925920627BF80D500D40925 /* Label.swift in Sources */ = {isa = PBXBuildFile; fileRef = E925920527BF80D500D40925 /* Label.swift */; };
		E925920727BF80D500D40925 /* Label.swift in Sources */ = {isa = PBXBuildFile; fileRef = E925920527BF80D500D40925 /* Label.swift */; };
		E925920827BF80D500D40925 /* Label.swift in Sources */ = {isa = PBXBuildFile; fileRef = E925920527BF80D500D40925 /* Label.swift */; };
		E925920A27BF8AE100D40925 /* ViewModel+description.swift in Sources */ = {isa = PBXBuildFile; fileRef = E925920927BF8AE100D40925 /* ViewModel+description.swift */; };
		E925920B27BF8AE100D40925 /* ViewModel+description.swift in Sources */ = {isa = PBXBuildFile; fileRef = E925920927BF8AE100D40925 /* ViewModel+description.swift */; };
		E925920C27BF8AE100D40925 /* ViewModel+description.swift in Sources */ = {isa = PBXBuildFile; fileRef = E925920927BF8AE100D40925 /* ViewModel+description.swift */; };
		E925920E27BF8D3700D40925 /* StyleCache.swift in Sources */ = {isa = PBXBuildFile; fileRef = E925920D27BF8D3700D40925 /* StyleCache.swift */; };
		E925920F27BF8D3700D40925 /* StyleCache.swift in Sources */ = {isa = PBXBuildFile; fileRef = E925920D27BF8D3700D40925 /* StyleCache.swift */; };
		E925921027BF8D3700D40925 /* StyleCache.swift in Sources */ = {isa = PBXBuildFile; fileRef = E925920D27BF8D3700D40925 /* StyleCache.swift */; };
		E925921227BFC0CA00D40925 /* Cell+atomsTypes.swift in Sources */ = {isa = PBXBuildFile; fileRef = E925921127BFC0CA00D40925 /* Cell+atomsTypes.swift */; };
		E925921327BFC0CA00D40925 /* Cell+atomsTypes.swift in Sources */ = {isa = PBXBuildFile; fileRef = E925921127BFC0CA00D40925 /* Cell+atomsTypes.swift */; };
		E925921427BFC0CA00D40925 /* Cell+atomsTypes.swift in Sources */ = {isa = PBXBuildFile; fileRef = E925921127BFC0CA00D40925 /* Cell+atomsTypes.swift */; };
		E94A1F6827C1490600168123 /* UIEdgeInsets+spacing.swift in Sources */ = {isa = PBXBuildFile; fileRef = E94A1F6727C1490600168123 /* UIEdgeInsets+spacing.swift */; };
		E94A1F6927C1490600168123 /* UIEdgeInsets+spacing.swift in Sources */ = {isa = PBXBuildFile; fileRef = E94A1F6727C1490600168123 /* UIEdgeInsets+spacing.swift */; };
		E94A1F6A27C1490600168123 /* UIEdgeInsets+spacing.swift in Sources */ = {isa = PBXBuildFile; fileRef = E94A1F6727C1490600168123 /* UIEdgeInsets+spacing.swift */; };
		E952E7A627BC309100068D8C /* Style.swift in Sources */ = {isa = PBXBuildFile; fileRef = E952E7A527BC309100068D8C /* Style.swift */; };
		E952E7A727BC309100068D8C /* Style.swift in Sources */ = {isa = PBXBuildFile; fileRef = E952E7A527BC309100068D8C /* Style.swift */; };
		E952E7A827BC309100068D8C /* Style.swift in Sources */ = {isa = PBXBuildFile; fileRef = E952E7A527BC309100068D8C /* Style.swift */; };
		E977D00627AFC887007E4998 /* AppDelegate.swift in Sources */ = {isa = PBXBuildFile; fileRef = E977D00527AFC887007E4998 /* AppDelegate.swift */; };
		E977D00827AFC887007E4998 /* SceneDelegate.swift in Sources */ = {isa = PBXBuildFile; fileRef = E977D00727AFC887007E4998 /* SceneDelegate.swift */; };
		E977D00A27AFC887007E4998 /* TableViewController.swift in Sources */ = {isa = PBXBuildFile; fileRef = E977D00927AFC887007E4998 /* TableViewController.swift */; };
		E977D00F27AFC887007E4998 /* Assets.xcassets in Resources */ = {isa = PBXBuildFile; fileRef = E977D00E27AFC887007E4998 /* Assets.xcassets */; };
		E977D01227AFC887007E4998 /* LaunchScreen.storyboard in Resources */ = {isa = PBXBuildFile; fileRef = E977D01027AFC887007E4998 /* LaunchScreen.storyboard */; };
		E977D01D27AFC887007E4998 /* SwiftAppTests.swift in Sources */ = {isa = PBXBuildFile; fileRef = E977D01C27AFC887007E4998 /* SwiftAppTests.swift */; };
		E977D02827AFC887007E4998 /* SwiftAppUITests.swift in Sources */ = {isa = PBXBuildFile; fileRef = E977D02727AFC887007E4998 /* SwiftAppUITests.swift */; };
		E977D03F27AFDBBA007E4998 /* SwiftApp.swift in Sources */ = {isa = PBXBuildFile; fileRef = E977D03E27AFDBBA007E4998 /* SwiftApp.swift */; };
		E977D04027AFDBBA007E4998 /* SwiftApp.swift in Sources */ = {isa = PBXBuildFile; fileRef = E977D03E27AFDBBA007E4998 /* SwiftApp.swift */; };
		E977D04127AFDBBA007E4998 /* SwiftApp.swift in Sources */ = {isa = PBXBuildFile; fileRef = E977D03E27AFDBBA007E4998 /* SwiftApp.swift */; };
		E977D05227AFECA8007E4998 /* ViewModel.swift in Sources */ = {isa = PBXBuildFile; fileRef = E977D05127AFECA8007E4998 /* ViewModel.swift */; };
		E977D06527B1635A007E4998 /* CellViewCell.swift in Sources */ = {isa = PBXBuildFile; fileRef = E977D06427B1635A007E4998 /* CellViewCell.swift */; };
		E977D06D27B1A628007E4998 /* CellView.swift in Sources */ = {isa = PBXBuildFile; fileRef = E977D06C27B1A628007E4998 /* CellView.swift */; };
		E977D06E27B1A628007E4998 /* CellView.swift in Sources */ = {isa = PBXBuildFile; fileRef = E977D06C27B1A628007E4998 /* CellView.swift */; };
		E977D06F27B1A628007E4998 /* CellView.swift in Sources */ = {isa = PBXBuildFile; fileRef = E977D06C27B1A628007E4998 /* CellView.swift */; };
		E977D07727B1A9C9007E4998 /* UIVIew+Extensions.swift in Sources */ = {isa = PBXBuildFile; fileRef = E977D07627B1A9C9007E4998 /* UIVIew+Extensions.swift */; };
		E977D07827B1A9C9007E4998 /* UIVIew+Extensions.swift in Sources */ = {isa = PBXBuildFile; fileRef = E977D07627B1A9C9007E4998 /* UIVIew+Extensions.swift */; };
		E977D07927B1A9C9007E4998 /* UIVIew+Extensions.swift in Sources */ = {isa = PBXBuildFile; fileRef = E977D07627B1A9C9007E4998 /* UIVIew+Extensions.swift */; };
		E977D08027B1D625007E4998 /* CellViewCell.swift in Sources */ = {isa = PBXBuildFile; fileRef = E977D06427B1635A007E4998 /* CellViewCell.swift */; };
		E977D08427B1D626007E4998 /* CellViewCell.swift in Sources */ = {isa = PBXBuildFile; fileRef = E977D06427B1635A007E4998 /* CellViewCell.swift */; };
		E977D08827B1D62C007E4998 /* TableViewController.swift in Sources */ = {isa = PBXBuildFile; fileRef = E977D00927AFC887007E4998 /* TableViewController.swift */; };
		E977D08C27B1D62D007E4998 /* TableViewController.swift in Sources */ = {isa = PBXBuildFile; fileRef = E977D00927AFC887007E4998 /* TableViewController.swift */; };
		E977D09027B1D630007E4998 /* ViewModel.swift in Sources */ = {isa = PBXBuildFile; fileRef = E977D05127AFECA8007E4998 /* ViewModel.swift */; };
		E977D09427B1D631007E4998 /* ViewModel.swift in Sources */ = {isa = PBXBuildFile; fileRef = E977D05127AFECA8007E4998 /* ViewModel.swift */; };
		E9A838CC27BA6ADC0096FAFB /* String+Extensions.swift in Sources */ = {isa = PBXBuildFile; fileRef = E9A838CB27BA6ADC0096FAFB /* String+Extensions.swift */; };
		E9A838CD27BA6ADC0096FAFB /* String+Extensions.swift in Sources */ = {isa = PBXBuildFile; fileRef = E9A838CB27BA6ADC0096FAFB /* String+Extensions.swift */; };
		E9A838CE27BA6ADC0096FAFB /* String+Extensions.swift in Sources */ = {isa = PBXBuildFile; fileRef = E9A838CB27BA6ADC0096FAFB /* String+Extensions.swift */; };
/* End PBXBuildFile section */

/* Begin PBXContainerItemProxy section */
		E977D01927AFC887007E4998 /* PBXContainerItemProxy */ = {
			isa = PBXContainerItemProxy;
			containerPortal = E977CFFA27AFC887007E4998 /* Project object */;
			proxyType = 1;
			remoteGlobalIDString = E977D00127AFC887007E4998;
			remoteInfo = SwiftApp;
		};
		E977D02427AFC887007E4998 /* PBXContainerItemProxy */ = {
			isa = PBXContainerItemProxy;
			containerPortal = E977CFFA27AFC887007E4998 /* Project object */;
			proxyType = 1;
			remoteGlobalIDString = E977D00127AFC887007E4998;
			remoteInfo = SwiftApp;
		};
/* End PBXContainerItemProxy section */

/* Begin PBXFileReference section */
		E903CB2527BE5A2200B58113 /* Screen.swift */ = {isa = PBXFileReference; lastKnownFileType = sourcecode.swift; path = Screen.swift; sourceTree = "<group>"; };
		E913063D27BA6CC600460F22 /* ImageView.swift */ = {isa = PBXFileReference; fileEncoding = 4; lastKnownFileType = sourcecode.swift; path = ImageView.swift; sourceTree = "<group>"; };
		E913063E27BA6CC600460F22 /* TextField.swift */ = {isa = PBXFileReference; fileEncoding = 4; lastKnownFileType = sourcecode.swift; path = TextField.swift; sourceTree = "<group>"; };
		E925920127BF167200D40925 /* Store.swift */ = {isa = PBXFileReference; lastKnownFileType = sourcecode.swift; path = Store.swift; sourceTree = "<group>"; };
		E925920527BF80D500D40925 /* Label.swift */ = {isa = PBXFileReference; lastKnownFileType = sourcecode.swift; path = Label.swift; sourceTree = "<group>"; };
		E925920927BF8AE100D40925 /* ViewModel+description.swift */ = {isa = PBXFileReference; lastKnownFileType = sourcecode.swift; path = "ViewModel+description.swift"; sourceTree = "<group>"; };
		E925920D27BF8D3700D40925 /* StyleCache.swift */ = {isa = PBXFileReference; lastKnownFileType = sourcecode.swift; path = StyleCache.swift; sourceTree = "<group>"; };
		E925921127BFC0CA00D40925 /* Cell+atomsTypes.swift */ = {isa = PBXFileReference; lastKnownFileType = sourcecode.swift; path = "Cell+atomsTypes.swift"; sourceTree = "<group>"; };
		E94A1F6727C1490600168123 /* UIEdgeInsets+spacing.swift */ = {isa = PBXFileReference; lastKnownFileType = sourcecode.swift; path = "UIEdgeInsets+spacing.swift"; sourceTree = "<group>"; };
		E952E7A527BC309100068D8C /* Style.swift */ = {isa = PBXFileReference; lastKnownFileType = sourcecode.swift; path = Style.swift; sourceTree = "<group>"; };
		E977D00227AFC887007E4998 /* SwiftApp.app */ = {isa = PBXFileReference; explicitFileType = wrapper.application; includeInIndex = 0; path = SwiftApp.app; sourceTree = BUILT_PRODUCTS_DIR; };
		E977D00527AFC887007E4998 /* AppDelegate.swift */ = {isa = PBXFileReference; lastKnownFileType = sourcecode.swift; path = AppDelegate.swift; sourceTree = "<group>"; };
		E977D00727AFC887007E4998 /* SceneDelegate.swift */ = {isa = PBXFileReference; lastKnownFileType = sourcecode.swift; path = SceneDelegate.swift; sourceTree = "<group>"; };
		E977D00927AFC887007E4998 /* TableViewController.swift */ = {isa = PBXFileReference; lastKnownFileType = sourcecode.swift; path = TableViewController.swift; sourceTree = "<group>"; };
		E977D00E27AFC887007E4998 /* Assets.xcassets */ = {isa = PBXFileReference; lastKnownFileType = folder.assetcatalog; path = Assets.xcassets; sourceTree = "<group>"; };
		E977D01127AFC887007E4998 /* Base */ = {isa = PBXFileReference; lastKnownFileType = file.storyboard; name = Base; path = Base.lproj/LaunchScreen.storyboard; sourceTree = "<group>"; };
		E977D01327AFC887007E4998 /* Info.plist */ = {isa = PBXFileReference; lastKnownFileType = text.plist.xml; path = Info.plist; sourceTree = "<group>"; };
		E977D01827AFC887007E4998 /* SwiftAppTests.xctest */ = {isa = PBXFileReference; explicitFileType = wrapper.cfbundle; includeInIndex = 0; path = SwiftAppTests.xctest; sourceTree = BUILT_PRODUCTS_DIR; };
		E977D01C27AFC887007E4998 /* SwiftAppTests.swift */ = {isa = PBXFileReference; lastKnownFileType = sourcecode.swift; path = SwiftAppTests.swift; sourceTree = "<group>"; };
		E977D01E27AFC887007E4998 /* Info.plist */ = {isa = PBXFileReference; lastKnownFileType = text.plist.xml; path = Info.plist; sourceTree = "<group>"; };
		E977D02327AFC887007E4998 /* SwiftAppUITests.xctest */ = {isa = PBXFileReference; explicitFileType = wrapper.cfbundle; includeInIndex = 0; path = SwiftAppUITests.xctest; sourceTree = BUILT_PRODUCTS_DIR; };
		E977D02727AFC887007E4998 /* SwiftAppUITests.swift */ = {isa = PBXFileReference; lastKnownFileType = sourcecode.swift; path = SwiftAppUITests.swift; sourceTree = "<group>"; };
		E977D02927AFC887007E4998 /* Info.plist */ = {isa = PBXFileReference; lastKnownFileType = text.plist.xml; path = Info.plist; sourceTree = "<group>"; };
		E977D03E27AFDBBA007E4998 /* SwiftApp.swift */ = {isa = PBXFileReference; lastKnownFileType = sourcecode.swift; path = SwiftApp.swift; sourceTree = "<group>"; };
		E977D05127AFECA8007E4998 /* ViewModel.swift */ = {isa = PBXFileReference; lastKnownFileType = sourcecode.swift; path = ViewModel.swift; sourceTree = "<group>"; };
		E977D06427B1635A007E4998 /* CellViewCell.swift */ = {isa = PBXFileReference; lastKnownFileType = sourcecode.swift; path = CellViewCell.swift; sourceTree = "<group>"; };
		E977D06C27B1A628007E4998 /* CellView.swift */ = {isa = PBXFileReference; lastKnownFileType = sourcecode.swift; path = CellView.swift; sourceTree = "<group>"; };
		E977D07627B1A9C9007E4998 /* UIVIew+Extensions.swift */ = {isa = PBXFileReference; lastKnownFileType = sourcecode.swift; path = "UIVIew+Extensions.swift"; sourceTree = "<group>"; };
		E9A838CB27BA6ADC0096FAFB /* String+Extensions.swift */ = {isa = PBXFileReference; fileEncoding = 4; lastKnownFileType = sourcecode.swift; path = "String+Extensions.swift"; sourceTree = "<group>"; };
/* End PBXFileReference section */

/* Begin PBXFrameworksBuildPhase section */
		E977CFFF27AFC887007E4998 /* Frameworks */ = {
			isa = PBXFrameworksBuildPhase;
			buildActionMask = 2147483647;
			files = (
			);
			runOnlyForDeploymentPostprocessing = 0;
		};
		E977D01527AFC887007E4998 /* Frameworks */ = {
			isa = PBXFrameworksBuildPhase;
			buildActionMask = 2147483647;
			files = (
			);
			runOnlyForDeploymentPostprocessing = 0;
		};
		E977D02027AFC887007E4998 /* Frameworks */ = {
			isa = PBXFrameworksBuildPhase;
			buildActionMask = 2147483647;
			files = (
			);
			runOnlyForDeploymentPostprocessing = 0;
		};
/* End PBXFrameworksBuildPhase section */

/* Begin PBXGroup section */
		E913063C27BA6CC600460F22 /* views */ = {
			isa = PBXGroup;
			children = (
				E925920527BF80D500D40925 /* Label.swift */,
				E913063D27BA6CC600460F22 /* ImageView.swift */,
				E913063E27BA6CC600460F22 /* TextField.swift */,
			);
			path = views;
			sourceTree = "<group>";
		};
		E977CFF927AFC887007E4998 = {
			isa = PBXGroup;
			children = (
				E977D00427AFC887007E4998 /* SwiftApp */,
				E977D01B27AFC887007E4998 /* SwiftAppTests */,
				E977D02627AFC887007E4998 /* SwiftAppUITests */,
				E977D00327AFC887007E4998 /* Products */,
			);
			sourceTree = "<group>";
		};
		E977D00327AFC887007E4998 /* Products */ = {
			isa = PBXGroup;
			children = (
				E977D00227AFC887007E4998 /* SwiftApp.app */,
				E977D01827AFC887007E4998 /* SwiftAppTests.xctest */,
				E977D02327AFC887007E4998 /* SwiftAppUITests.xctest */,
			);
			name = Products;
			sourceTree = "<group>";
		};
		E977D00427AFC887007E4998 /* SwiftApp */ = {
			isa = PBXGroup;
			children = (
				E9A838BE27BA69B40096FAFB /* extensions */,
				E913063C27BA6CC600460F22 /* views */,
				E977D00527AFC887007E4998 /* AppDelegate.swift */,
				E977D06C27B1A628007E4998 /* CellView.swift */,
				E977D06427B1635A007E4998 /* CellViewCell.swift */,
				E977D00727AFC887007E4998 /* SceneDelegate.swift */,
				E903CB2527BE5A2200B58113 /* Screen.swift */,
				E925920127BF167200D40925 /* Store.swift */,
				E952E7A527BC309100068D8C /* Style.swift */,
				E925920D27BF8D3700D40925 /* StyleCache.swift */,
				E977D03E27AFDBBA007E4998 /* SwiftApp.swift */,
				E977D00927AFC887007E4998 /* TableViewController.swift */,
				E977D05127AFECA8007E4998 /* ViewModel.swift */,
				E977D00E27AFC887007E4998 /* Assets.xcassets */,
				E977D01027AFC887007E4998 /* LaunchScreen.storyboard */,
				E977D01327AFC887007E4998 /* Info.plist */,
			);
			path = SwiftApp;
			sourceTree = "<group>";
		};
		E977D01B27AFC887007E4998 /* SwiftAppTests */ = {
			isa = PBXGroup;
			children = (
				E977D01C27AFC887007E4998 /* SwiftAppTests.swift */,
				E977D01E27AFC887007E4998 /* Info.plist */,
			);
			path = SwiftAppTests;
			sourceTree = "<group>";
		};
		E977D02627AFC887007E4998 /* SwiftAppUITests */ = {
			isa = PBXGroup;
			children = (
				E977D02727AFC887007E4998 /* SwiftAppUITests.swift */,
				E977D02927AFC887007E4998 /* Info.plist */,
			);
			path = SwiftAppUITests;
			sourceTree = "<group>";
		};
		E9A838BE27BA69B40096FAFB /* extensions */ = {
			isa = PBXGroup;
			children = (
				E925921127BFC0CA00D40925 /* Cell+atomsTypes.swift */,
				E9A838CB27BA6ADC0096FAFB /* String+Extensions.swift */,
				E94A1F6727C1490600168123 /* UIEdgeInsets+spacing.swift */,
				E977D07627B1A9C9007E4998 /* UIVIew+Extensions.swift */,
				E925920927BF8AE100D40925 /* ViewModel+description.swift */,
			);
			path = extensions;
			sourceTree = "<group>";
		};
/* End PBXGroup section */

/* Begin PBXNativeTarget section */
		E977D00127AFC887007E4998 /* SwiftApp */ = {
			isa = PBXNativeTarget;
			buildConfigurationList = E977D02C27AFC887007E4998 /* Build configuration list for PBXNativeTarget "SwiftApp" */;
			buildPhases = (
				E977CFFE27AFC887007E4998 /* Sources */,
				E977CFFF27AFC887007E4998 /* Frameworks */,
				E977D00027AFC887007E4998 /* Resources */,
			);
			buildRules = (
			);
			dependencies = (
			);
			name = SwiftApp;
			productName = SwiftApp;
			productReference = E977D00227AFC887007E4998 /* SwiftApp.app */;
			productType = "com.apple.product-type.application";
		};
		E977D01727AFC887007E4998 /* SwiftAppTests */ = {
			isa = PBXNativeTarget;
			buildConfigurationList = E977D02F27AFC887007E4998 /* Build configuration list for PBXNativeTarget "SwiftAppTests" */;
			buildPhases = (
				E977D01427AFC887007E4998 /* Sources */,
				E977D01527AFC887007E4998 /* Frameworks */,
				E977D01627AFC887007E4998 /* Resources */,
			);
			buildRules = (
			);
			dependencies = (
				E977D01A27AFC887007E4998 /* PBXTargetDependency */,
			);
			name = SwiftAppTests;
			productName = SwiftAppTests;
			productReference = E977D01827AFC887007E4998 /* SwiftAppTests.xctest */;
			productType = "com.apple.product-type.bundle.unit-test";
		};
		E977D02227AFC887007E4998 /* SwiftAppUITests */ = {
			isa = PBXNativeTarget;
			buildConfigurationList = E977D03227AFC887007E4998 /* Build configuration list for PBXNativeTarget "SwiftAppUITests" */;
			buildPhases = (
				E977D01F27AFC887007E4998 /* Sources */,
				E977D02027AFC887007E4998 /* Frameworks */,
				E977D02127AFC887007E4998 /* Resources */,
			);
			buildRules = (
			);
			dependencies = (
				E977D02527AFC887007E4998 /* PBXTargetDependency */,
			);
			name = SwiftAppUITests;
			productName = SwiftAppUITests;
			productReference = E977D02327AFC887007E4998 /* SwiftAppUITests.xctest */;
			productType = "com.apple.product-type.bundle.ui-testing";
		};
/* End PBXNativeTarget section */

/* Begin PBXProject section */
		E977CFFA27AFC887007E4998 /* Project object */ = {
			isa = PBXProject;
			attributes = {
				LastSwiftUpdateCheck = 1240;
				LastUpgradeCheck = 1240;
				TargetAttributes = {
					E977D00127AFC887007E4998 = {
						CreatedOnToolsVersion = 12.4;
					};
					E977D01727AFC887007E4998 = {
						CreatedOnToolsVersion = 12.4;
						TestTargetID = E977D00127AFC887007E4998;
					};
					E977D02227AFC887007E4998 = {
						CreatedOnToolsVersion = 12.4;
						TestTargetID = E977D00127AFC887007E4998;
					};
				};
			};
			buildConfigurationList = E977CFFD27AFC887007E4998 /* Build configuration list for PBXProject "SwiftApp" */;
			compatibilityVersion = "Xcode 9.3";
			developmentRegion = en;
			hasScannedForEncodings = 0;
			knownRegions = (
				en,
				Base,
			);
			mainGroup = E977CFF927AFC887007E4998;
			productRefGroup = E977D00327AFC887007E4998 /* Products */;
			projectDirPath = "";
			projectRoot = "";
			targets = (
				E977D00127AFC887007E4998 /* SwiftApp */,
				E977D01727AFC887007E4998 /* SwiftAppTests */,
				E977D02227AFC887007E4998 /* SwiftAppUITests */,
			);
		};
/* End PBXProject section */

/* Begin PBXResourcesBuildPhase section */
		E977D00027AFC887007E4998 /* Resources */ = {
			isa = PBXResourcesBuildPhase;
			buildActionMask = 2147483647;
			files = (
				E977D01227AFC887007E4998 /* LaunchScreen.storyboard in Resources */,
				E977D00F27AFC887007E4998 /* Assets.xcassets in Resources */,
			);
			runOnlyForDeploymentPostprocessing = 0;
		};
		E977D01627AFC887007E4998 /* Resources */ = {
			isa = PBXResourcesBuildPhase;
			buildActionMask = 2147483647;
			files = (
			);
			runOnlyForDeploymentPostprocessing = 0;
		};
		E977D02127AFC887007E4998 /* Resources */ = {
			isa = PBXResourcesBuildPhase;
			buildActionMask = 2147483647;
			files = (
			);
			runOnlyForDeploymentPostprocessing = 0;
		};
/* End PBXResourcesBuildPhase section */

/* Begin PBXSourcesBuildPhase section */
		E977CFFE27AFC887007E4998 /* Sources */ = {
			isa = PBXSourcesBuildPhase;
			buildActionMask = 2147483647;
			files = (
				E977D05227AFECA8007E4998 /* ViewModel.swift in Sources */,
				E94A1F6827C1490600168123 /* UIEdgeInsets+spacing.swift in Sources */,
				E925920A27BF8AE100D40925 /* ViewModel+description.swift in Sources */,
				E913064227BA6CC600460F22 /* TextField.swift in Sources */,
				E977D00A27AFC887007E4998 /* TableViewController.swift in Sources */,
				E903CB2627BE5A2200B58113 /* Screen.swift in Sources */,
				E977D00627AFC887007E4998 /* AppDelegate.swift in Sources */,
				E925921227BFC0CA00D40925 /* Cell+atomsTypes.swift in Sources */,
				E977D07727B1A9C9007E4998 /* UIVIew+Extensions.swift in Sources */,
				E9A838CC27BA6ADC0096FAFB /* String+Extensions.swift in Sources */,
				E925920227BF167200D40925 /* Store.swift in Sources */,
				E925920627BF80D500D40925 /* Label.swift in Sources */,
				E977D06527B1635A007E4998 /* CellViewCell.swift in Sources */,
				E952E7A627BC309100068D8C /* Style.swift in Sources */,
				E977D00827AFC887007E4998 /* SceneDelegate.swift in Sources */,
				E925920E27BF8D3700D40925 /* StyleCache.swift in Sources */,
				E977D03F27AFDBBA007E4998 /* SwiftApp.swift in Sources */,
				E977D06D27B1A628007E4998 /* CellView.swift in Sources */,
				E913063F27BA6CC600460F22 /* ImageView.swift in Sources */,
			);
			runOnlyForDeploymentPostprocessing = 0;
		};
		E977D01427AFC887007E4998 /* Sources */ = {
			isa = PBXSourcesBuildPhase;
			buildActionMask = 2147483647;
			files = (
				E925920F27BF8D3700D40925 /* StyleCache.swift in Sources */,
				E977D08827B1D62C007E4998 /* TableViewController.swift in Sources */,
				E913064027BA6CC600460F22 /* ImageView.swift in Sources */,
				E977D08027B1D625007E4998 /* CellViewCell.swift in Sources */,
				E94A1F6927C1490600168123 /* UIEdgeInsets+spacing.swift in Sources */,
				E977D01D27AFC887007E4998 /* SwiftAppTests.swift in Sources */,
				E977D04027AFDBBA007E4998 /* SwiftApp.swift in Sources */,
				E9A838CD27BA6ADC0096FAFB /* String+Extensions.swift in Sources */,
				E925921327BFC0CA00D40925 /* Cell+atomsTypes.swift in Sources */,
				E977D06E27B1A628007E4998 /* CellView.swift in Sources */,
				E925920327BF167200D40925 /* Store.swift in Sources */,
				E977D07827B1A9C9007E4998 /* UIVIew+Extensions.swift in Sources */,
				E925920B27BF8AE100D40925 /* ViewModel+description.swift in Sources */,
				E977D09027B1D630007E4998 /* ViewModel.swift in Sources */,
				E913064327BA6CC600460F22 /* TextField.swift in Sources */,
				E952E7A727BC309100068D8C /* Style.swift in Sources */,
				E925920727BF80D500D40925 /* Label.swift in Sources */,
				E90A3E8227BE969F00157001 /* Screen.swift in Sources */,
			);
			runOnlyForDeploymentPostprocessing = 0;
		};
		E977D01F27AFC887007E4998 /* Sources */ = {
			isa = PBXSourcesBuildPhase;
			buildActionMask = 2147483647;
			files = (
				E925921027BF8D3700D40925 /* StyleCache.swift in Sources */,
				E977D08C27B1D62D007E4998 /* TableViewController.swift in Sources */,
				E913064127BA6CC600460F22 /* ImageView.swift in Sources */,
				E977D08427B1D626007E4998 /* CellViewCell.swift in Sources */,
				E94A1F6A27C1490600168123 /* UIEdgeInsets+spacing.swift in Sources */,
				E977D02827AFC887007E4998 /* SwiftAppUITests.swift in Sources */,
				E977D04127AFDBBA007E4998 /* SwiftApp.swift in Sources */,
				E9A838CE27BA6ADC0096FAFB /* String+Extensions.swift in Sources */,
				E925921427BFC0CA00D40925 /* Cell+atomsTypes.swift in Sources */,
				E977D06F27B1A628007E4998 /* CellView.swift in Sources */,
				E925920427BF167200D40925 /* Store.swift in Sources */,
				E977D07927B1A9C9007E4998 /* UIVIew+Extensions.swift in Sources */,
				E925920C27BF8AE100D40925 /* ViewModel+description.swift in Sources */,
				E977D09427B1D631007E4998 /* ViewModel.swift in Sources */,
				E913064427BA6CC600460F22 /* TextField.swift in Sources */,
				E952E7A827BC309100068D8C /* Style.swift in Sources */,
				E925920827BF80D500D40925 /* Label.swift in Sources */,
				E90A3E8327BE969F00157001 /* Screen.swift in Sources */,
			);
			runOnlyForDeploymentPostprocessing = 0;
		};
/* End PBXSourcesBuildPhase section */

/* Begin PBXTargetDependency section */
		E977D01A27AFC887007E4998 /* PBXTargetDependency */ = {
			isa = PBXTargetDependency;
			target = E977D00127AFC887007E4998 /* SwiftApp */;
			targetProxy = E977D01927AFC887007E4998 /* PBXContainerItemProxy */;
		};
		E977D02527AFC887007E4998 /* PBXTargetDependency */ = {
			isa = PBXTargetDependency;
			target = E977D00127AFC887007E4998 /* SwiftApp */;
			targetProxy = E977D02427AFC887007E4998 /* PBXContainerItemProxy */;
		};
/* End PBXTargetDependency section */

/* Begin PBXVariantGroup section */
		E977D01027AFC887007E4998 /* LaunchScreen.storyboard */ = {
			isa = PBXVariantGroup;
			children = (
				E977D01127AFC887007E4998 /* Base */,
			);
			name = LaunchScreen.storyboard;
			sourceTree = "<group>";
		};
/* End PBXVariantGroup section */

/* Begin XCBuildConfiguration section */
		E977D02A27AFC887007E4998 /* Debug */ = {
			isa = XCBuildConfiguration;
			buildSettings = {
				ALWAYS_SEARCH_USER_PATHS = NO;
				CLANG_ANALYZER_NONNULL = YES;
				CLANG_ANALYZER_NUMBER_OBJECT_CONVERSION = YES_AGGRESSIVE;
				CLANG_CXX_LANGUAGE_STANDARD = "gnu++14";
				CLANG_CXX_LIBRARY = "libc++";
				CLANG_ENABLE_MODULES = YES;
				CLANG_ENABLE_OBJC_ARC = YES;
				CLANG_ENABLE_OBJC_WEAK = YES;
				CLANG_WARN_BLOCK_CAPTURE_AUTORELEASING = YES;
				CLANG_WARN_BOOL_CONVERSION = YES;
				CLANG_WARN_COMMA = YES;
				CLANG_WARN_CONSTANT_CONVERSION = YES;
				CLANG_WARN_DEPRECATED_OBJC_IMPLEMENTATIONS = YES;
				CLANG_WARN_DIRECT_OBJC_ISA_USAGE = YES_ERROR;
				CLANG_WARN_DOCUMENTATION_COMMENTS = YES;
				CLANG_WARN_EMPTY_BODY = YES;
				CLANG_WARN_ENUM_CONVERSION = YES;
				CLANG_WARN_INFINITE_RECURSION = YES;
				CLANG_WARN_INT_CONVERSION = YES;
				CLANG_WARN_NON_LITERAL_NULL_CONVERSION = YES;
				CLANG_WARN_OBJC_IMPLICIT_RETAIN_SELF = YES;
				CLANG_WARN_OBJC_LITERAL_CONVERSION = YES;
				CLANG_WARN_OBJC_ROOT_CLASS = YES_ERROR;
				CLANG_WARN_QUOTED_INCLUDE_IN_FRAMEWORK_HEADER = YES;
				CLANG_WARN_RANGE_LOOP_ANALYSIS = YES;
				CLANG_WARN_STRICT_PROTOTYPES = YES;
				CLANG_WARN_SUSPICIOUS_MOVE = YES;
				CLANG_WARN_UNGUARDED_AVAILABILITY = YES_AGGRESSIVE;
				CLANG_WARN_UNREACHABLE_CODE = YES;
				CLANG_WARN__DUPLICATE_METHOD_MATCH = YES;
				COPY_PHASE_STRIP = NO;
				DEBUG_INFORMATION_FORMAT = dwarf;
				ENABLE_STRICT_OBJC_MSGSEND = YES;
				ENABLE_TESTABILITY = YES;
				GCC_C_LANGUAGE_STANDARD = gnu11;
				GCC_DYNAMIC_NO_PIC = NO;
				GCC_NO_COMMON_BLOCKS = YES;
				GCC_OPTIMIZATION_LEVEL = 0;
				GCC_PREPROCESSOR_DEFINITIONS = (
					"DEBUG=1",
					"$(inherited)",
				);
				GCC_WARN_64_TO_32_BIT_CONVERSION = YES;
				GCC_WARN_ABOUT_RETURN_TYPE = YES_ERROR;
				GCC_WARN_UNDECLARED_SELECTOR = YES;
				GCC_WARN_UNINITIALIZED_AUTOS = YES_AGGRESSIVE;
				GCC_WARN_UNUSED_FUNCTION = YES;
				GCC_WARN_UNUSED_VARIABLE = YES;
				IPHONEOS_DEPLOYMENT_TARGET = 14.4;
				MTL_ENABLE_DEBUG_INFO = INCLUDE_SOURCE;
				MTL_FAST_MATH = YES;
				ONLY_ACTIVE_ARCH = YES;
				SDKROOT = iphoneos;
				SWIFT_ACTIVE_COMPILATION_CONDITIONS = DEBUG;
				SWIFT_OPTIMIZATION_LEVEL = "-Onone";
			};
			name = Debug;
		};
		E977D02B27AFC887007E4998 /* Release */ = {
			isa = XCBuildConfiguration;
			buildSettings = {
				ALWAYS_SEARCH_USER_PATHS = NO;
				CLANG_ANALYZER_NONNULL = YES;
				CLANG_ANALYZER_NUMBER_OBJECT_CONVERSION = YES_AGGRESSIVE;
				CLANG_CXX_LANGUAGE_STANDARD = "gnu++14";
				CLANG_CXX_LIBRARY = "libc++";
				CLANG_ENABLE_MODULES = YES;
				CLANG_ENABLE_OBJC_ARC = YES;
				CLANG_ENABLE_OBJC_WEAK = YES;
				CLANG_WARN_BLOCK_CAPTURE_AUTORELEASING = YES;
				CLANG_WARN_BOOL_CONVERSION = YES;
				CLANG_WARN_COMMA = YES;
				CLANG_WARN_CONSTANT_CONVERSION = YES;
				CLANG_WARN_DEPRECATED_OBJC_IMPLEMENTATIONS = YES;
				CLANG_WARN_DIRECT_OBJC_ISA_USAGE = YES_ERROR;
				CLANG_WARN_DOCUMENTATION_COMMENTS = YES;
				CLANG_WARN_EMPTY_BODY = YES;
				CLANG_WARN_ENUM_CONVERSION = YES;
				CLANG_WARN_INFINITE_RECURSION = YES;
				CLANG_WARN_INT_CONVERSION = YES;
				CLANG_WARN_NON_LITERAL_NULL_CONVERSION = YES;
				CLANG_WARN_OBJC_IMPLICIT_RETAIN_SELF = YES;
				CLANG_WARN_OBJC_LITERAL_CONVERSION = YES;
				CLANG_WARN_OBJC_ROOT_CLASS = YES_ERROR;
				CLANG_WARN_QUOTED_INCLUDE_IN_FRAMEWORK_HEADER = YES;
				CLANG_WARN_RANGE_LOOP_ANALYSIS = YES;
				CLANG_WARN_STRICT_PROTOTYPES = YES;
				CLANG_WARN_SUSPICIOUS_MOVE = YES;
				CLANG_WARN_UNGUARDED_AVAILABILITY = YES_AGGRESSIVE;
				CLANG_WARN_UNREACHABLE_CODE = YES;
				CLANG_WARN__DUPLICATE_METHOD_MATCH = YES;
				COPY_PHASE_STRIP = NO;
				DEBUG_INFORMATION_FORMAT = "dwarf-with-dsym";
				ENABLE_NS_ASSERTIONS = NO;
				ENABLE_STRICT_OBJC_MSGSEND = YES;
				GCC_C_LANGUAGE_STANDARD = gnu11;
				GCC_NO_COMMON_BLOCKS = YES;
				GCC_WARN_64_TO_32_BIT_CONVERSION = YES;
				GCC_WARN_ABOUT_RETURN_TYPE = YES_ERROR;
				GCC_WARN_UNDECLARED_SELECTOR = YES;
				GCC_WARN_UNINITIALIZED_AUTOS = YES_AGGRESSIVE;
				GCC_WARN_UNUSED_FUNCTION = YES;
				GCC_WARN_UNUSED_VARIABLE = YES;
				IPHONEOS_DEPLOYMENT_TARGET = 14.4;
				MTL_ENABLE_DEBUG_INFO = NO;
				MTL_FAST_MATH = YES;
				SDKROOT = iphoneos;
				SWIFT_COMPILATION_MODE = wholemodule;
				SWIFT_OPTIMIZATION_LEVEL = "-O";
				VALIDATE_PRODUCT = YES;
			};
			name = Release;
		};
		E977D02D27AFC887007E4998 /* Debug */ = {
			isa = XCBuildConfiguration;
			buildSettings = {
				ASSETCATALOG_COMPILER_APPICON_NAME = AppIcon;
				ASSETCATALOG_COMPILER_GLOBAL_ACCENT_COLOR_NAME = AccentColor;
				CODE_SIGN_STYLE = Automatic;
				DEVELOPMENT_TEAM = WUZW9LMF53;
				INFOPLIST_FILE = SwiftApp/Info.plist;
				LD_RUNPATH_SEARCH_PATHS = (
					"$(inherited)",
					"@executable_path/Frameworks",
				);
				PRODUCT_BUNDLE_IDENTIFIER = uk.co.mindbrix.SwiftApp;
				PRODUCT_NAME = "$(TARGET_NAME)";
				SWIFT_VERSION = 5.0;
				TARGETED_DEVICE_FAMILY = "1,2";
			};
			name = Debug;
		};
		E977D02E27AFC887007E4998 /* Release */ = {
			isa = XCBuildConfiguration;
			buildSettings = {
				ASSETCATALOG_COMPILER_APPICON_NAME = AppIcon;
				ASSETCATALOG_COMPILER_GLOBAL_ACCENT_COLOR_NAME = AccentColor;
				CODE_SIGN_STYLE = Automatic;
				DEVELOPMENT_TEAM = WUZW9LMF53;
				INFOPLIST_FILE = SwiftApp/Info.plist;
				LD_RUNPATH_SEARCH_PATHS = (
					"$(inherited)",
					"@executable_path/Frameworks",
				);
				PRODUCT_BUNDLE_IDENTIFIER = uk.co.mindbrix.SwiftApp;
				PRODUCT_NAME = "$(TARGET_NAME)";
				SWIFT_VERSION = 5.0;
				TARGETED_DEVICE_FAMILY = "1,2";
			};
			name = Release;
		};
		E977D03027AFC887007E4998 /* Debug */ = {
			isa = XCBuildConfiguration;
			buildSettings = {
				ALWAYS_EMBED_SWIFT_STANDARD_LIBRARIES = YES;
				BUNDLE_LOADER = "$(TEST_HOST)";
				CODE_SIGN_STYLE = Automatic;
				DEVELOPMENT_TEAM = WUZW9LMF53;
				INFOPLIST_FILE = SwiftAppTests/Info.plist;
				IPHONEOS_DEPLOYMENT_TARGET = 14.4;
				LD_RUNPATH_SEARCH_PATHS = (
					"$(inherited)",
					"@executable_path/Frameworks",
					"@loader_path/Frameworks",
				);
				PRODUCT_BUNDLE_IDENTIFIER = uk.co.mindbrix.SwiftAppTests;
				PRODUCT_NAME = "$(TARGET_NAME)";
				SWIFT_VERSION = 5.0;
				TARGETED_DEVICE_FAMILY = "1,2";
				TEST_HOST = "$(BUILT_PRODUCTS_DIR)/SwiftApp.app/SwiftApp";
			};
			name = Debug;
		};
		E977D03127AFC887007E4998 /* Release */ = {
			isa = XCBuildConfiguration;
			buildSettings = {
				ALWAYS_EMBED_SWIFT_STANDARD_LIBRARIES = YES;
				BUNDLE_LOADER = "$(TEST_HOST)";
				CODE_SIGN_STYLE = Automatic;
				DEVELOPMENT_TEAM = WUZW9LMF53;
				INFOPLIST_FILE = SwiftAppTests/Info.plist;
				IPHONEOS_DEPLOYMENT_TARGET = 14.4;
				LD_RUNPATH_SEARCH_PATHS = (
					"$(inherited)",
					"@executable_path/Frameworks",
					"@loader_path/Frameworks",
				);
				PRODUCT_BUNDLE_IDENTIFIER = uk.co.mindbrix.SwiftAppTests;
				PRODUCT_NAME = "$(TARGET_NAME)";
				SWIFT_VERSION = 5.0;
				TARGETED_DEVICE_FAMILY = "1,2";
				TEST_HOST = "$(BUILT_PRODUCTS_DIR)/SwiftApp.app/SwiftApp";
			};
			name = Release;
		};
		E977D03327AFC887007E4998 /* Debug */ = {
			isa = XCBuildConfiguration;
			buildSettings = {
				ALWAYS_EMBED_SWIFT_STANDARD_LIBRARIES = YES;
				CODE_SIGN_STYLE = Automatic;
				DEVELOPMENT_TEAM = WUZW9LMF53;
				INFOPLIST_FILE = SwiftAppUITests/Info.plist;
				LD_RUNPATH_SEARCH_PATHS = (
					"$(inherited)",
					"@executable_path/Frameworks",
					"@loader_path/Frameworks",
				);
				PRODUCT_BUNDLE_IDENTIFIER = uk.co.mindbrix.SwiftAppUITests;
				PRODUCT_NAME = "$(TARGET_NAME)";
				SWIFT_VERSION = 5.0;
				TARGETED_DEVICE_FAMILY = "1,2";
				TEST_TARGET_NAME = SwiftApp;
			};
			name = Debug;
		};
		E977D03427AFC887007E4998 /* Release */ = {
			isa = XCBuildConfiguration;
			buildSettings = {
				ALWAYS_EMBED_SWIFT_STANDARD_LIBRARIES = YES;
				CODE_SIGN_STYLE = Automatic;
				DEVELOPMENT_TEAM = WUZW9LMF53;
				INFOPLIST_FILE = SwiftAppUITests/Info.plist;
				LD_RUNPATH_SEARCH_PATHS = (
					"$(inherited)",
					"@executable_path/Frameworks",
					"@loader_path/Frameworks",
				);
				PRODUCT_BUNDLE_IDENTIFIER = uk.co.mindbrix.SwiftAppUITests;
				PRODUCT_NAME = "$(TARGET_NAME)";
				SWIFT_VERSION = 5.0;
				TARGETED_DEVICE_FAMILY = "1,2";
				TEST_TARGET_NAME = SwiftApp;
			};
			name = Release;
		};
/* End XCBuildConfiguration section */

/* Begin XCConfigurationList section */
		E977CFFD27AFC887007E4998 /* Build configuration list for PBXProject "SwiftApp" */ = {
			isa = XCConfigurationList;
			buildConfigurations = (
				E977D02A27AFC887007E4998 /* Debug */,
				E977D02B27AFC887007E4998 /* Release */,
			);
			defaultConfigurationIsVisible = 0;
			defaultConfigurationName = Release;
		};
		E977D02C27AFC887007E4998 /* Build configuration list for PBXNativeTarget "SwiftApp" */ = {
			isa = XCConfigurationList;
			buildConfigurations = (
				E977D02D27AFC887007E4998 /* Debug */,
				E977D02E27AFC887007E4998 /* Release */,
			);
			defaultConfigurationIsVisible = 0;
			defaultConfigurationName = Release;
		};
		E977D02F27AFC887007E4998 /* Build configuration list for PBXNativeTarget "SwiftAppTests" */ = {
			isa = XCConfigurationList;
			buildConfigurations = (
				E977D03027AFC887007E4998 /* Debug */,
				E977D03127AFC887007E4998 /* Release */,
			);
			defaultConfigurationIsVisible = 0;
			defaultConfigurationName = Release;
		};
		E977D03227AFC887007E4998 /* Build configuration list for PBXNativeTarget "SwiftAppUITests" */ = {
			isa = XCConfigurationList;
			buildConfigurations = (
				E977D03327AFC887007E4998 /* Debug */,
				E977D03427AFC887007E4998 /* Release */,
			);
			defaultConfigurationIsVisible = 0;
			defaultConfigurationName = Release;
		};
/* End XCConfigurationList section */
	};
	rootObject = E977CFFA27AFC887007E4998 /* Project object */;
}
